
Microsoft Visual Studio Solution File, Format Version 12.00
# Visual Studio Version 17
VisualStudioVersion = 17.0.32014.148
MinimumVisualStudioVersion = 10.0.40219.1
Project("{FAE04EC0-301F-11D3-BF4B-00C04F79EFBC}") = "CPSC1012-Lab2-NinoAngeloLumapac", "CPSC1012-Lab2-NinoAngeloLumapac\CPSC1012-Lab2-NinoAngeloLumapac.csproj", "{263BCCF6-C973-4AF2-9A82-ECA10618B6F1}"
EndProject
Global
	GlobalSection(SolutionConfigurationPlatforms) = preSolution
		Debug|Any CPU = Debug|Any CPU
		Release|Any CPU = Release|Any CPU
	EndGlobalSection
	GlobalSection(ProjectConfigurationPlatforms) = postSolution
		{263BCCF6-C973-4AF2-9A82-ECA10618B6F1}.Debug|Any CPU.ActiveCfg = Debug|Any CPU
		{263BCCF6-C973-4AF2-9A82-ECA10618B6F1}.Debug|Any CPU.Build.0 = Debug|Any CPU
		{263BCCF6-C973-4AF2-9A82-ECA10618B6F1}.Release|Any CPU.ActiveCfg = Release|Any CPU
		{263BCCF6-C973-4AF2-9A82-ECA10618B6F1}.Release|Any CPU.Build.0 = Release|Any CPU
	EndGlobalSection
	GlobalSection(SolutionProperties) = preSolution
		HideSolutionNode = FALSE
	EndGlobalSection
	GlobalSection(ExtensibilityGlobals) = postSolution
		SolutionGuid = {3EC0A48A-CC67-4316-BE71-F0C528E7ADF4}
	EndGlobalSection
EndGlobal
