
Microsoft Visual Studio Solution File, Format Version 12.00
# Visual Studio Version 17
VisualStudioVersion = 17.0.32014.148
MinimumVisualStudioVersion = 10.0.40219.1
Project("{FAE04EC0-301F-11D3-BF4B-00C04F79EFBC}") = "IntegerVariableApp", "IntegerVariableApp\IntegerVariableApp.csproj", "{84FAF4B0-10E5-45D4-B338-C84D90AEE982}"
EndProject
Global
	GlobalSection(SolutionConfigurationPlatforms) = preSolution
		Debug|Any CPU = Debug|Any CPU
		Release|Any CPU = Release|Any CPU
	EndGlobalSection
	GlobalSection(ProjectConfigurationPlatforms) = postSolution
		{84FAF4B0-10E5-45D4-B338-C84D90AEE982}.Debug|Any CPU.ActiveCfg = Debug|Any CPU
		{84FAF4B0-10E5-45D4-B338-C84D90AEE982}.Debug|Any CPU.Build.0 = Debug|Any CPU
		{84FAF4B0-10E5-45D4-B338-C84D90AEE982}.Release|Any CPU.ActiveCfg = Release|Any CPU
		{84FAF4B0-10E5-45D4-B338-C84D90AEE982}.Release|Any CPU.Build.0 = Release|Any CPU
	EndGlobalSection
	GlobalSection(SolutionProperties) = preSolution
		HideSolutionNode = FALSE
	EndGlobalSection
	GlobalSection(ExtensibilityGlobals) = postSolution
		SolutionGuid = {5ECFBC1C-5DB0-41FE-AA8B-371724DF8065}
	EndGlobalSection
EndGlobal
