
Microsoft Visual Studio Solution File, Format Version 12.00
# Visual Studio Version 17
VisualStudioVersion = 17.0.32014.148
MinimumVisualStudioVersion = 10.0.40219.1
Project("{FAE04EC0-301F-11D3-BF4B-00C04F79EFBC}") = "ExerciseOne", "SequenceStructureExercise\ExerciseOne.csproj", "{098825F8-C08F-4CE0-ADC3-CAFEC9C7441D}"
EndProject
Global
	GlobalSection(SolutionConfigurationPlatforms) = preSolution
		Debug|Any CPU = Debug|Any CPU
		Release|Any CPU = Release|Any CPU
	EndGlobalSection
	GlobalSection(ProjectConfigurationPlatforms) = postSolution
		{098825F8-C08F-4CE0-ADC3-CAFEC9C7441D}.Debug|Any CPU.ActiveCfg = Debug|Any CPU
		{098825F8-C08F-4CE0-ADC3-CAFEC9C7441D}.Debug|Any CPU.Build.0 = Debug|Any CPU
		{098825F8-C08F-4CE0-ADC3-CAFEC9C7441D}.Release|Any CPU.ActiveCfg = Release|Any CPU
		{098825F8-C08F-4CE0-ADC3-CAFEC9C7441D}.Release|Any CPU.Build.0 = Release|Any CPU
	EndGlobalSection
	GlobalSection(SolutionProperties) = preSolution
		HideSolutionNode = FALSE
	EndGlobalSection
	GlobalSection(ExtensibilityGlobals) = postSolution
		SolutionGuid = {81400862-7303-4262-9481-CCF669E26FFA}
	EndGlobalSection
EndGlobal
