
Microsoft Visual Studio Solution File, Format Version 12.00
# Visual Studio Version 17
VisualStudioVersion = 17.0.32014.148
MinimumVisualStudioVersion = 10.0.40219.1
Project("{FAE04EC0-301F-11D3-BF4B-00C04F79EFBC}") = "SubtractionQuiz", "SubtractionQuiz\SubtractionQuiz.csproj", "{AC889533-8F32-42FF-96EB-071099D4EF58}"
EndProject
Global
	GlobalSection(SolutionConfigurationPlatforms) = preSolution
		Debug|Any CPU = Debug|Any CPU
		Release|Any CPU = Release|Any CPU
	EndGlobalSection
	GlobalSection(ProjectConfigurationPlatforms) = postSolution
		{AC889533-8F32-42FF-96EB-071099D4EF58}.Debug|Any CPU.ActiveCfg = Debug|Any CPU
		{AC889533-8F32-42FF-96EB-071099D4EF58}.Debug|Any CPU.Build.0 = Debug|Any CPU
		{AC889533-8F32-42FF-96EB-071099D4EF58}.Release|Any CPU.ActiveCfg = Release|Any CPU
		{AC889533-8F32-42FF-96EB-071099D4EF58}.Release|Any CPU.Build.0 = Release|Any CPU
	EndGlobalSection
	GlobalSection(SolutionProperties) = preSolution
		HideSolutionNode = FALSE
	EndGlobalSection
	GlobalSection(ExtensibilityGlobals) = postSolution
		SolutionGuid = {440E055C-E9EF-4AB8-8BD4-C493C6A44AE9}
	EndGlobalSection
EndGlobal
